
Microsoft Visual Studio Solution File, Format Version 12.00
# Visual Studio 15
VisualStudioVersion = 15.0.28307.1401
MinimumVisualStudioVersion = 10.0.40219.1
Project("{FAE04EC0-301F-11D3-BF4B-00C04F79EFBC}") = "Sonic2", "Sonic2\Sonic2.csproj", "{6961453F-ACDA-4BEF-BD2F-FE8FAF3C3DEF}"
EndProject
Global
	GlobalSection(SolutionConfigurationPlatforms) = preSolution
		Debug|Any CPU = Debug|Any CPU
		Release|Any CPU = Release|Any CPU
	EndGlobalSection
	GlobalSection(ProjectConfigurationPlatforms) = postSolution
		{6961453F-ACDA-4BEF-BD2F-FE8FAF3C3DEF}.Debug|Any CPU.ActiveCfg = Debug|Any CPU
		{6961453F-ACDA-4BEF-BD2F-FE8FAF3C3DEF}.Debug|Any CPU.Build.0 = Debug|Any CPU
		{6961453F-ACDA-4BEF-BD2F-FE8FAF3C3DEF}.Release|Any CPU.ActiveCfg = Release|Any CPU
		{6961453F-ACDA-4BEF-BD2F-FE8FAF3C3DEF}.Release|Any CPU.Build.0 = Release|Any CPU
	EndGlobalSection
	GlobalSection(SolutionProperties) = preSolution
		HideSolutionNode = FALSE
	EndGlobalSection
	GlobalSection(ExtensibilityGlobals) = postSolution
		SolutionGuid = {D910B299-479E-4ACA-8D5B-433C0A0B8821}
	EndGlobalSection
EndGlobal
